
Microsoft Visual Studio Solution File, Format Version 12.00
# Visual Studio Version 16
VisualStudioVersion = 16.0.31729.503
MinimumVisualStudioVersion = 10.0.40219.1
Project("{FAE04EC0-301F-11D3-BF4B-00C04F79EFBC}") = "DataTypes", "DataTypes\DataTypes.csproj", "{03ECFEFC-55E0-45E5-8ABF-0CEBED31A081}"
EndProject
Project("{FAE04EC0-301F-11D3-BF4B-00C04F79EFBC}") = "ConditionalStatements", "ConditionalStatements\ConditionalStatements.csproj", "{8DFF2174-F78C-4080-A8D5-991645A13DF2}"
EndProject
Project("{FAE04EC0-301F-11D3-BF4B-00C04F79EFBC}") = "DataConversion", "DataConversion\DataConversion.csproj", "{3DEB84EC-CBAE-4B83-8FB2-AD47F5C620E8}"
EndProject
Project("{FAE04EC0-301F-11D3-BF4B-00C04F79EFBC}") = "Loops", "Loops\Loops.csproj", "{032AB98C-C3EA-47A0-A166-6DF1BCDA7AC7}"
EndProject
Project("{FAE04EC0-301F-11D3-BF4B-00C04F79EFBC}") = "Methods", "Methods\Methods.csproj", "{B5F1B248-F786-4903-97B5-1C3F3ACC6CE4}"
EndProject
Project("{FAE04EC0-301F-11D3-BF4B-00C04F79EFBC}") = "RefNOut", "RefNOut\RefNOut.csproj", "{7B7F57BF-7AE3-4C70-AD25-C80DCF2F0EA9}"
EndProject
Project("{FAE04EC0-301F-11D3-BF4B-00C04F79EFBC}") = "Arrays", "Arrays\Arrays.csproj", "{66A3C52B-2408-4008-A34F-0E8BCDEB982C}"
EndProject
Project("{FAE04EC0-301F-11D3-BF4B-00C04F79EFBC}") = "Strings", "Strings\Strings.csproj", "{119BBD50-7408-4DE2-B8E5-36028E171720}"
EndProject
Project("{FAE04EC0-301F-11D3-BF4B-00C04F79EFBC}") = "BoxingAndUnBoxing", "BoxingAndUnBoxing\BoxingAndUnBoxing.csproj", "{29130A09-0B08-4978-B036-9097452B2773}"
EndProject
Project("{FAE04EC0-301F-11D3-BF4B-00C04F79EFBC}") = "DynamicType", "DynamicType\DynamicType.csproj", "{F3698702-D1B3-402C-854B-F56B8D18EBF0}"
EndProject
Project("{FAE04EC0-301F-11D3-BF4B-00C04F79EFBC}") = "NullableTypes", "NullableTypes\NullableTypes.csproj", "{51DFBFEE-A4E9-4C98-B786-1302A06CA56F}"
EndProject
Project("{FAE04EC0-301F-11D3-BF4B-00C04F79EFBC}") = "IsAsOperators", "IsAsOperators\IsAsOperators.csproj", "{B42FB8F3-88B0-4F6A-885E-E9F829E6B65A}"
EndProject
Project("{FAE04EC0-301F-11D3-BF4B-00C04F79EFBC}") = "RegularExpression", "RegularExpression\RegularExpression.csproj", "{F1DEF38C-2B1C-4F4F-96E5-30C015B505B4}"
EndProject
Project("{FAE04EC0-301F-11D3-BF4B-00C04F79EFBC}") = "DebugBasics", "DebugBasics\DebugBasics.csproj", "{E8666E2C-03A1-444B-88BB-A70B0F06D8D0}"
EndProject
Project("{FAE04EC0-301F-11D3-BF4B-00C04F79EFBC}") = "BarCodeGenerator", "BarCodeGenerator\BarCodeGenerator.csproj", "{02AA1726-3711-4637-AEEB-99303D33B977}"
EndProject
Project("{2150E333-8FDC-42A3-9474-1A3956D46DE8}") = ".Net Fundementals", ".Net Fundementals", "{DDEC7265-17F5-482A-A093-5B924B93BD42}"
EndProject
Project("{2150E333-8FDC-42A3-9474-1A3956D46DE8}") = "OOPS", "OOPS", "{BBC9FFE3-367E-4DF1-8820-FAC65F7B5C1D}"
EndProject
Project("{FAE04EC0-301F-11D3-BF4B-00C04F79EFBC}") = "ObjectBasics", "ObjectBasics\ObjectBasics.csproj", "{5EC98804-A13F-430A-8F58-A350BC3E6F59}"
EndProject
Project("{FAE04EC0-301F-11D3-BF4B-00C04F79EFBC}") = "EmployeeTax", "EmployeeTax\EmployeeTax.csproj", "{30DC1DEF-03C1-4329-8E9E-36E6669C2AF2}"
EndProject
Project("{FAE04EC0-301F-11D3-BF4B-00C04F79EFBC}") = "CalculatorLibrary", "CalculatorLibrary\CalculatorLibrary.csproj", "{B2E33926-E0E4-4005-A7C4-A1102CA24D8D}"
EndProject
Project("{FAE04EC0-301F-11D3-BF4B-00C04F79EFBC}") = "Calculator", "Calculator\Calculator.csproj", "{C5A3FBFB-BECA-42DA-80B3-01652335E255}"
EndProject
Project("{FAE04EC0-301F-11D3-BF4B-00C04F79EFBC}") = "PropertiesInCSharp", "PropertiesInCSharp\PropertiesInCSharp.csproj", "{1AB3704C-118F-4D7F-ABC4-C180C4DDA534}"
EndProject
Project("{FAE04EC0-301F-11D3-BF4B-00C04F79EFBC}") = "Indexer", "Indexer\Indexer.csproj", "{F2912FFF-3EA7-4922-A9D9-E28C35DD3DFC}"
EndProject
Project("{FAE04EC0-301F-11D3-BF4B-00C04F79EFBC}") = "PartialClass", "PartialClass\PartialClass.csproj", "{AC2B22B8-BF69-43BB-A85F-85CAA1CCA4DD}"
EndProject
Project("{FAE04EC0-301F-11D3-BF4B-00C04F79EFBC}") = "InheritanceBasics", "InheritanceBasics\InheritanceBasics.csproj", "{E218D5A7-7F99-4D85-AD9A-AC4BB546C3B8}"
EndProject
Project("{FAE04EC0-301F-11D3-BF4B-00C04F79EFBC}") = "OverloadingMethods", "OverloadingMethods\OverloadingMethods.csproj", "{5C1F238D-6321-4492-9D7C-14E8459EB97A}"
EndProject
Project("{FAE04EC0-301F-11D3-BF4B-00C04F79EFBC}") = "NameSpaces", "NameSpaces\NameSpaces.csproj", "{593A865B-9B9B-4269-A7CB-91AAD45CE77F}"
EndProject
Project("{FAE04EC0-301F-11D3-BF4B-00C04F79EFBC}") = "StaticClasses", "StaticClasses\StaticClasses.csproj", "{CE2DB2BB-45AC-4E15-BDC2-D7894FE8880E}"
EndProject
Project("{FAE04EC0-301F-11D3-BF4B-00C04F79EFBC}") = "ExtentionMethods", "ExtentionMethods\ExtentionMethods.csproj", "{70AD698B-4786-4182-9443-830770AEE05F}"
EndProject
Project("{FAE04EC0-301F-11D3-BF4B-00C04F79EFBC}") = "StudentManager", "StudentManager\StudentManager.csproj", "{ABEDDBB6-39A2-48CB-BC21-E84BE105F5F0}"
EndProject
Project("{FAE04EC0-301F-11D3-BF4B-00C04F79EFBC}") = "Interfaces", "Interfaces\Interfaces.csproj", "{569A31D4-B6FE-42F4-B68B-AEE21F2D19A1}"
EndProject
Project("{FAE04EC0-301F-11D3-BF4B-00C04F79EFBC}") = "ExceptionBasics", "ExceptionBasics\ExceptionBasics.csproj", "{754E8735-81C8-469C-9906-7D82CDAA099D}"
EndProject
Project("{2150E333-8FDC-42A3-9474-1A3956D46DE8}") = ".Net Fundementals 2", ".Net Fundementals 2", "{24CC1163-74CA-4A84-913B-F9E7CC96B468}"
EndProject
Project("{FAE04EC0-301F-11D3-BF4B-00C04F79EFBC}") = "CollectionsBasics", "CollectionsBasics\CollectionsBasics.csproj", "{8F47D550-BC02-4E46-AE88-6D7FF44D9606}"
EndProject
Project("{FAE04EC0-301F-11D3-BF4B-00C04F79EFBC}") = "GenericCollections", "GenericCollections\GenericCollections.csproj", "{DE637015-3DFB-4AAF-9A51-F1A09CFDCF83}"
EndProject
Project("{FAE04EC0-301F-11D3-BF4B-00C04F79EFBC}") = "CollectionPractice", "CollectionPractice\CollectionPractice.csproj", "{E9F458AC-5554-423B-AB82-DA0549B83B4B}"
EndProject
Project("{FAE04EC0-301F-11D3-BF4B-00C04F79EFBC}") = "DelegatesBasics", "DelegatesBasics\DelegatesBasics.csproj", "{66A8F2AA-8DBC-4920-ADD1-422AB520AD13}"
EndProject
Project("{FAE04EC0-301F-11D3-BF4B-00C04F79EFBC}") = "DelegatesAsCallBack", "DelegatesAsCallBack\DelegatesAsCallBack.csproj", "{9BAA3B24-6DEF-4A77-8570-BA475AE685AE}"
EndProject
Project("{FAE04EC0-301F-11D3-BF4B-00C04F79EFBC}") = "EventsBasics", "EventsBasics\EventsBasics.csproj", "{F879ED17-2500-49C2-8145-5FF1173CA642}"
EndProject
Project("{FAE04EC0-301F-11D3-BF4B-00C04F79EFBC}") = "TollManagerTask", "TollManagerTask\TollManagerTask.csproj", "{4C06C07B-551B-4D68-BF25-3ECEE1DC57C2}"
EndProject
Project("{FAE04EC0-301F-11D3-BF4B-00C04F79EFBC}") = "FilenFolderBasics", "FilenFolderBasics\FilenFolderBasics.csproj", "{31B3CEA3-90AD-4929-A867-CDC618AB8EAC}"
EndProject
Project("{FAE04EC0-301F-11D3-BF4B-00C04F79EFBC}") = "SerializationBasics", "SerializationBasics\SerializationBasics.csproj", "{883369C4-84F7-45E5-BD50-B8745BD008EB}"
EndProject
Project("{FAE04EC0-301F-11D3-BF4B-00C04F79EFBC}") = "ThreadingBasics", "ThreadingBasics\ThreadingBasics.csproj", "{86158C7F-5FF6-464A-97C3-3BE58FE586CE}"
EndProject
Project("{FAE04EC0-301F-11D3-BF4B-00C04F79EFBC}") = "ThreadLocking", "ThreadLocking\ThreadLocking.csproj", "{0A8DF1C0-45A3-438D-973B-725ECA19910C}"
EndProject
Project("{FAE04EC0-301F-11D3-BF4B-00C04F79EFBC}") = "AsyncFunction", "AsyncFunction\AsyncFunction.csproj", "{32B411D6-6812-4588-A9E0-E37415139403}"
EndProject
Project("{FAE04EC0-301F-11D3-BF4B-00C04F79EFBC}") = "ParallelsBasics", "ParallelsBasics\ParallelsBasics.csproj", "{EAEB5D18-E532-44E5-9172-1C530015093D}"
EndProject
Project("{FAE04EC0-301F-11D3-BF4B-00C04F79EFBC}") = "ConsoleApp1", "ConsoleApp1\ConsoleApp1.csproj", "{5CDE1521-9F94-4BB8-8432-4919AC2B0DA8}"
EndProject
Project("{2150E333-8FDC-42A3-9474-1A3956D46DE8}") = "ADO.NET", "ADO.NET", "{6712FB99-EB57-4B69-87EF-8930B7951CAF}"
EndProject
Project("{FAE04EC0-301F-11D3-BF4B-00C04F79EFBC}") = "ADONetBasics", "ADONetBasics\ADONetBasics.csproj", "{B0014CA7-22D3-4A3B-8D20-2EEC25D8BF75}"
EndProject
Project("{FAE04EC0-301F-11D3-BF4B-00C04F79EFBC}") = "ADONETDataSets", "ADONETDataSets\ADONETDataSets.csproj", "{ACDEEE32-189B-4457-B8DB-825377C4B337}"
EndProject
Project("{FAE04EC0-301F-11D3-BF4B-00C04F79EFBC}") = "ADOTransactions", "ADOTransactions\ADOTransactions.csproj", "{CC7F7870-2732-4A51-8301-8F5D771229E5}"
EndProject
Project("{FAE04EC0-301F-11D3-BF4B-00C04F79EFBC}") = "DataViewBasics", "DataViewBasics\DataViewBasics.csproj", "{9050802A-6A9D-4783-816C-A8CCD700923F}"
EndProject
Project("{FAE04EC0-301F-11D3-BF4B-00C04F79EFBC}") = "ExcelAdoReader", "ExcelAdoReader\ExcelAdoReader.csproj", "{84932E6A-7916-406C-9ECD-B271A87240DF}"
EndProject
Project("{FAE04EC0-301F-11D3-BF4B-00C04F79EFBC}") = "SampleLibrary", "SampleLibrary\SampleLibrary.csproj", "{BFD9447A-2DE7-4349-B5F5-C5066A69C620}"
EndProject
Project("{FAE04EC0-301F-11D3-BF4B-00C04F79EFBC}") = "ReflectionBasics", "ReflectionBasics\ReflectionBasics.csproj", "{943902D2-F37F-4C69-A82C-07F89B050E27}"
EndProject
Project("{2150E333-8FDC-42A3-9474-1A3956D46DE8}") = "GameConsoleReflection", "GameConsoleReflection", "{E5BB565D-25BB-478F-8474-51A17E7D01D0}"
EndProject
Project("{FAE04EC0-301F-11D3-BF4B-00C04F79EFBC}") = "GameShared", "GameShared\GameShared.csproj", "{BDD46D15-8343-4644-9620-858CAF8FD090}"
EndProject
Project("{FAE04EC0-301F-11D3-BF4B-00C04F79EFBC}") = "GameConsole", "GameConsole\GameConsole.csproj", "{E6308BB9-C99D-4F79-9DB3-7173FB63424B}"
EndProject
Project("{FAE04EC0-301F-11D3-BF4B-00C04F79EFBC}") = "Game1", "Game1\Game1.csproj", "{52269E85-5F50-4C4D-A4B6-82C530A6044B}"
EndProject
Project("{2150E333-8FDC-42A3-9474-1A3956D46DE8}") = "Linq", "Linq", "{C0A41B62-DE45-490A-9D38-9900FC71E6E3}"
EndProject
Project("{FAE04EC0-301F-11D3-BF4B-00C04F79EFBC}") = "LinQBasics", "LinQBasics\LinQBasics.csproj", "{59586BB1-675A-49DE-9BCB-F61B380BFCE8}"
EndProject
Project("{FAE04EC0-301F-11D3-BF4B-00C04F79EFBC}") = "LinQBasics2", "LinQBasics2\LinQBasics2.csproj", "{DEE51763-F216-428A-A3C1-962226D8D815}"
EndProject
Project("{2150E333-8FDC-42A3-9474-1A3956D46DE8}") = "EFCore", "EFCore", "{A535538F-0E7B-4E5A-B95A-CF1919534055}"
EndProject
Project("{9A19103F-16F7-4668-BE54-9A1E7A4F7556}") = "EfCoreBasics", "EfCoreBasics\EfCoreBasics.csproj", "{9706958E-04C9-4F8C-9666-01E276BDA911}"
EndProject
Project("{9A19103F-16F7-4668-BE54-9A1E7A4F7556}") = "HelloEfCore", "HelloEfCore\HelloEfCore.csproj", "{8517F71A-4D8F-4774-9DD6-DCA5613D0705}"
EndProject
Project("{9A19103F-16F7-4668-BE54-9A1E7A4F7556}") = "ConsoleApp2", "ConsoleApp2\ConsoleApp2.csproj", "{57D85A94-D76F-42E2-8365-B0DEB64E46F2}"
EndProject
Project("{2150E333-8FDC-42A3-9474-1A3956D46DE8}") = "SampleProject", "SampleProject", "{6221CC7F-4279-4F5F-92D2-4F8F910E82A2}"
EndProject
Project("{9A19103F-16F7-4668-BE54-9A1E7A4F7556}") = "CollegeDb", "CollegeDb\CollegeDb.csproj", "{65C31656-4A11-4B16-BD82-2F1E84FBD9AD}"
EndProject
Project("{9A19103F-16F7-4668-BE54-9A1E7A4F7556}") = "CollegeApp", "CollegeApp\CollegeApp.csproj", "{F1C12631-A73E-4CFB-96ED-2F52A4F85F29}"
EndProject
Project("{2150E333-8FDC-42A3-9474-1A3956D46DE8}") = "ASP.NET WebForms", "ASP.NET WebForms", "{0974B045-3120-4A82-B5F3-BDA7BF50C7D5}"
EndProject
Project("{FAE04EC0-301F-11D3-BF4B-00C04F79EFBC}") = "HelloWeb", "HelloWeb\HelloWeb.csproj", "{BF5515BC-6954-4131-B3A9-B6E22DD44F53}"
EndProject
Project("{FAE04EC0-301F-11D3-BF4B-00C04F79EFBC}") = "BasicHtmlForms", "BasicHtmlForms\BasicHtmlForms.csproj", "{6E072DF9-96D5-488A-8E88-B870E68F6104}"
EndProject
Project("{FAE04EC0-301F-11D3-BF4B-00C04F79EFBC}") = "NavigationBasics", "NavigationBasics\NavigationBasics.csproj", "{5E33463E-6AF9-4D3F-88CD-13EB2D2851DE}"
EndProject
Project("{FAE04EC0-301F-11D3-BF4B-00C04F79EFBC}") = "MasterPagesBasics", "MasterPagesBasics\MasterPagesBasics.csproj", "{44456DE4-1B6D-44CE-A8F3-07DC98D79B74}"
EndProject
Project("{FAE04EC0-301F-11D3-BF4B-00C04F79EFBC}") = "NestedMasterPages", "NestedMasterPages\NestedMasterPages.csproj", "{AED841CE-67D5-4B45-84DF-B415CDE75D82}"
EndProject
Project("{FAE04EC0-301F-11D3-BF4B-00C04F79EFBC}") = "IntroToStyles", "IntroToStyles\IntroToStyles.csproj", "{F98964BF-EF05-4C7D-94B5-EC7ED5414479}"
EndProject
Global
	GlobalSection(SolutionConfigurationPlatforms) = preSolution
		Debug|Any CPU = Debug|Any CPU
		Release|Any CPU = Release|Any CPU
	EndGlobalSection
	GlobalSection(ProjectConfigurationPlatforms) = postSolution
		{03ECFEFC-55E0-45E5-8ABF-0CEBED31A081}.Debug|Any CPU.ActiveCfg = Debug|Any CPU
		{03ECFEFC-55E0-45E5-8ABF-0CEBED31A081}.Debug|Any CPU.Build.0 = Debug|Any CPU
		{03ECFEFC-55E0-45E5-8ABF-0CEBED31A081}.Release|Any CPU.ActiveCfg = Release|Any CPU
		{03ECFEFC-55E0-45E5-8ABF-0CEBED31A081}.Release|Any CPU.Build.0 = Release|Any CPU
		{8DFF2174-F78C-4080-A8D5-991645A13DF2}.Debug|Any CPU.ActiveCfg = Debug|Any CPU
		{8DFF2174-F78C-4080-A8D5-991645A13DF2}.Debug|Any CPU.Build.0 = Debug|Any CPU
		{8DFF2174-F78C-4080-A8D5-991645A13DF2}.Release|Any CPU.ActiveCfg = Release|Any CPU
		{8DFF2174-F78C-4080-A8D5-991645A13DF2}.Release|Any CPU.Build.0 = Release|Any CPU
		{3DEB84EC-CBAE-4B83-8FB2-AD47F5C620E8}.Debug|Any CPU.ActiveCfg = Debug|Any CPU
		{3DEB84EC-CBAE-4B83-8FB2-AD47F5C620E8}.Debug|Any CPU.Build.0 = Debug|Any CPU
		{3DEB84EC-CBAE-4B83-8FB2-AD47F5C620E8}.Release|Any CPU.ActiveCfg = Release|Any CPU
		{3DEB84EC-CBAE-4B83-8FB2-AD47F5C620E8}.Release|Any CPU.Build.0 = Release|Any CPU
		{032AB98C-C3EA-47A0-A166-6DF1BCDA7AC7}.Debug|Any CPU.ActiveCfg = Debug|Any CPU
		{032AB98C-C3EA-47A0-A166-6DF1BCDA7AC7}.Debug|Any CPU.Build.0 = Debug|Any CPU
		{032AB98C-C3EA-47A0-A166-6DF1BCDA7AC7}.Release|Any CPU.ActiveCfg = Release|Any CPU
		{032AB98C-C3EA-47A0-A166-6DF1BCDA7AC7}.Release|Any CPU.Build.0 = Release|Any CPU
		{B5F1B248-F786-4903-97B5-1C3F3ACC6CE4}.Debug|Any CPU.ActiveCfg = Debug|Any CPU
		{B5F1B248-F786-4903-97B5-1C3F3ACC6CE4}.Debug|Any CPU.Build.0 = Debug|Any CPU
		{B5F1B248-F786-4903-97B5-1C3F3ACC6CE4}.Release|Any CPU.ActiveCfg = Release|Any CPU
		{B5F1B248-F786-4903-97B5-1C3F3ACC6CE4}.Release|Any CPU.Build.0 = Release|Any CPU
		{7B7F57BF-7AE3-4C70-AD25-C80DCF2F0EA9}.Debug|Any CPU.ActiveCfg = Debug|Any CPU
		{7B7F57BF-7AE3-4C70-AD25-C80DCF2F0EA9}.Debug|Any CPU.Build.0 = Debug|Any CPU
		{7B7F57BF-7AE3-4C70-AD25-C80DCF2F0EA9}.Release|Any CPU.ActiveCfg = Release|Any CPU
		{7B7F57BF-7AE3-4C70-AD25-C80DCF2F0EA9}.Release|Any CPU.Build.0 = Release|Any CPU
		{66A3C52B-2408-4008-A34F-0E8BCDEB982C}.Debug|Any CPU.ActiveCfg = Debug|Any CPU
		{66A3C52B-2408-4008-A34F-0E8BCDEB982C}.Debug|Any CPU.Build.0 = Debug|Any CPU
		{66A3C52B-2408-4008-A34F-0E8BCDEB982C}.Release|Any CPU.ActiveCfg = Release|Any CPU
		{66A3C52B-2408-4008-A34F-0E8BCDEB982C}.Release|Any CPU.Build.0 = Release|Any CPU
		{119BBD50-7408-4DE2-B8E5-36028E171720}.Debug|Any CPU.ActiveCfg = Debug|Any CPU
		{119BBD50-7408-4DE2-B8E5-36028E171720}.Debug|Any CPU.Build.0 = Debug|Any CPU
		{119BBD50-7408-4DE2-B8E5-36028E171720}.Release|Any CPU.ActiveCfg = Release|Any CPU
		{119BBD50-7408-4DE2-B8E5-36028E171720}.Release|Any CPU.Build.0 = Release|Any CPU
		{29130A09-0B08-4978-B036-9097452B2773}.Debug|Any CPU.ActiveCfg = Debug|Any CPU
		{29130A09-0B08-4978-B036-9097452B2773}.Debug|Any CPU.Build.0 = Debug|Any CPU
		{29130A09-0B08-4978-B036-9097452B2773}.Release|Any CPU.ActiveCfg = Release|Any CPU
		{29130A09-0B08-4978-B036-9097452B2773}.Release|Any CPU.Build.0 = Release|Any CPU
		{F3698702-D1B3-402C-854B-F56B8D18EBF0}.Debug|Any CPU.ActiveCfg = Debug|Any CPU
		{F3698702-D1B3-402C-854B-F56B8D18EBF0}.Debug|Any CPU.Build.0 = Debug|Any CPU
		{F3698702-D1B3-402C-854B-F56B8D18EBF0}.Release|Any CPU.ActiveCfg = Release|Any CPU
		{F3698702-D1B3-402C-854B-F56B8D18EBF0}.Release|Any CPU.Build.0 = Release|Any CPU
		{51DFBFEE-A4E9-4C98-B786-1302A06CA56F}.Debug|Any CPU.ActiveCfg = Debug|Any CPU
		{51DFBFEE-A4E9-4C98-B786-1302A06CA56F}.Debug|Any CPU.Build.0 = Debug|Any CPU
		{51DFBFEE-A4E9-4C98-B786-1302A06CA56F}.Release|Any CPU.ActiveCfg = Release|Any CPU
		{51DFBFEE-A4E9-4C98-B786-1302A06CA56F}.Release|Any CPU.Build.0 = Release|Any CPU
		{B42FB8F3-88B0-4F6A-885E-E9F829E6B65A}.Debug|Any CPU.ActiveCfg = Debug|Any CPU
		{B42FB8F3-88B0-4F6A-885E-E9F829E6B65A}.Debug|Any CPU.Build.0 = Debug|Any CPU
		{B42FB8F3-88B0-4F6A-885E-E9F829E6B65A}.Release|Any CPU.ActiveCfg = Release|Any CPU
		{B42FB8F3-88B0-4F6A-885E-E9F829E6B65A}.Release|Any CPU.Build.0 = Release|Any CPU
		{F1DEF38C-2B1C-4F4F-96E5-30C015B505B4}.Debug|Any CPU.ActiveCfg = Debug|Any CPU
		{F1DEF38C-2B1C-4F4F-96E5-30C015B505B4}.Debug|Any CPU.Build.0 = Debug|Any CPU
		{F1DEF38C-2B1C-4F4F-96E5-30C015B505B4}.Release|Any CPU.ActiveCfg = Release|Any CPU
		{F1DEF38C-2B1C-4F4F-96E5-30C015B505B4}.Release|Any CPU.Build.0 = Release|Any CPU
		{E8666E2C-03A1-444B-88BB-A70B0F06D8D0}.Debug|Any CPU.ActiveCfg = Debug|Any CPU
		{E8666E2C-03A1-444B-88BB-A70B0F06D8D0}.Debug|Any CPU.Build.0 = Debug|Any CPU
		{E8666E2C-03A1-444B-88BB-A70B0F06D8D0}.Release|Any CPU.ActiveCfg = Release|Any CPU
		{E8666E2C-03A1-444B-88BB-A70B0F06D8D0}.Release|Any CPU.Build.0 = Release|Any CPU
		{02AA1726-3711-4637-AEEB-99303D33B977}.Debug|Any CPU.ActiveCfg = Debug|Any CPU
		{02AA1726-3711-4637-AEEB-99303D33B977}.Debug|Any CPU.Build.0 = Debug|Any CPU
		{02AA1726-3711-4637-AEEB-99303D33B977}.Release|Any CPU.ActiveCfg = Release|Any CPU
		{02AA1726-3711-4637-AEEB-99303D33B977}.Release|Any CPU.Build.0 = Release|Any CPU
		{5EC98804-A13F-430A-8F58-A350BC3E6F59}.Debug|Any CPU.ActiveCfg = Debug|Any CPU
		{5EC98804-A13F-430A-8F58-A350BC3E6F59}.Debug|Any CPU.Build.0 = Debug|Any CPU
		{5EC98804-A13F-430A-8F58-A350BC3E6F59}.Release|Any CPU.ActiveCfg = Release|Any CPU
		{5EC98804-A13F-430A-8F58-A350BC3E6F59}.Release|Any CPU.Build.0 = Release|Any CPU
		{30DC1DEF-03C1-4329-8E9E-36E6669C2AF2}.Debug|Any CPU.ActiveCfg = Debug|Any CPU
		{30DC1DEF-03C1-4329-8E9E-36E6669C2AF2}.Debug|Any CPU.Build.0 = Debug|Any CPU
		{30DC1DEF-03C1-4329-8E9E-36E6669C2AF2}.Release|Any CPU.ActiveCfg = Release|Any CPU
		{30DC1DEF-03C1-4329-8E9E-36E6669C2AF2}.Release|Any CPU.Build.0 = Release|Any CPU
		{B2E33926-E0E4-4005-A7C4-A1102CA24D8D}.Debug|Any CPU.ActiveCfg = Debug|Any CPU
		{B2E33926-E0E4-4005-A7C4-A1102CA24D8D}.Debug|Any CPU.Build.0 = Debug|Any CPU
		{B2E33926-E0E4-4005-A7C4-A1102CA24D8D}.Release|Any CPU.ActiveCfg = Release|Any CPU
		{B2E33926-E0E4-4005-A7C4-A1102CA24D8D}.Release|Any CPU.Build.0 = Release|Any CPU
		{C5A3FBFB-BECA-42DA-80B3-01652335E255}.Debug|Any CPU.ActiveCfg = Debug|Any CPU
		{C5A3FBFB-BECA-42DA-80B3-01652335E255}.Debug|Any CPU.Build.0 = Debug|Any CPU
		{C5A3FBFB-BECA-42DA-80B3-01652335E255}.Release|Any CPU.ActiveCfg = Release|Any CPU
		{C5A3FBFB-BECA-42DA-80B3-01652335E255}.Release|Any CPU.Build.0 = Release|Any CPU
		{1AB3704C-118F-4D7F-ABC4-C180C4DDA534}.Debug|Any CPU.ActiveCfg = Debug|Any CPU
		{1AB3704C-118F-4D7F-ABC4-C180C4DDA534}.Debug|Any CPU.Build.0 = Debug|Any CPU
		{1AB3704C-118F-4D7F-ABC4-C180C4DDA534}.Release|Any CPU.ActiveCfg = Release|Any CPU
		{1AB3704C-118F-4D7F-ABC4-C180C4DDA534}.Release|Any CPU.Build.0 = Release|Any CPU
		{F2912FFF-3EA7-4922-A9D9-E28C35DD3DFC}.Debug|Any CPU.ActiveCfg = Debug|Any CPU
		{F2912FFF-3EA7-4922-A9D9-E28C35DD3DFC}.Debug|Any CPU.Build.0 = Debug|Any CPU
		{F2912FFF-3EA7-4922-A9D9-E28C35DD3DFC}.Release|Any CPU.ActiveCfg = Release|Any CPU
		{F2912FFF-3EA7-4922-A9D9-E28C35DD3DFC}.Release|Any CPU.Build.0 = Release|Any CPU
		{AC2B22B8-BF69-43BB-A85F-85CAA1CCA4DD}.Debug|Any CPU.ActiveCfg = Debug|Any CPU
		{AC2B22B8-BF69-43BB-A85F-85CAA1CCA4DD}.Debug|Any CPU.Build.0 = Debug|Any CPU
		{AC2B22B8-BF69-43BB-A85F-85CAA1CCA4DD}.Release|Any CPU.ActiveCfg = Release|Any CPU
		{AC2B22B8-BF69-43BB-A85F-85CAA1CCA4DD}.Release|Any CPU.Build.0 = Release|Any CPU
		{E218D5A7-7F99-4D85-AD9A-AC4BB546C3B8}.Debug|Any CPU.ActiveCfg = Debug|Any CPU
		{E218D5A7-7F99-4D85-AD9A-AC4BB546C3B8}.Debug|Any CPU.Build.0 = Debug|Any CPU
		{E218D5A7-7F99-4D85-AD9A-AC4BB546C3B8}.Release|Any CPU.ActiveCfg = Release|Any CPU
		{E218D5A7-7F99-4D85-AD9A-AC4BB546C3B8}.Release|Any CPU.Build.0 = Release|Any CPU
		{5C1F238D-6321-4492-9D7C-14E8459EB97A}.Debug|Any CPU.ActiveCfg = Debug|Any CPU
		{5C1F238D-6321-4492-9D7C-14E8459EB97A}.Debug|Any CPU.Build.0 = Debug|Any CPU
		{5C1F238D-6321-4492-9D7C-14E8459EB97A}.Release|Any CPU.ActiveCfg = Release|Any CPU
		{5C1F238D-6321-4492-9D7C-14E8459EB97A}.Release|Any CPU.Build.0 = Release|Any CPU
		{593A865B-9B9B-4269-A7CB-91AAD45CE77F}.Debug|Any CPU.ActiveCfg = Debug|Any CPU
		{593A865B-9B9B-4269-A7CB-91AAD45CE77F}.Debug|Any CPU.Build.0 = Debug|Any CPU
		{593A865B-9B9B-4269-A7CB-91AAD45CE77F}.Release|Any CPU.ActiveCfg = Release|Any CPU
		{593A865B-9B9B-4269-A7CB-91AAD45CE77F}.Release|Any CPU.Build.0 = Release|Any CPU
		{CE2DB2BB-45AC-4E15-BDC2-D7894FE8880E}.Debug|Any CPU.ActiveCfg = Debug|Any CPU
		{CE2DB2BB-45AC-4E15-BDC2-D7894FE8880E}.Debug|Any CPU.Build.0 = Debug|Any CPU
		{CE2DB2BB-45AC-4E15-BDC2-D7894FE8880E}.Release|Any CPU.ActiveCfg = Release|Any CPU
		{CE2DB2BB-45AC-4E15-BDC2-D7894FE8880E}.Release|Any CPU.Build.0 = Release|Any CPU
		{70AD698B-4786-4182-9443-830770AEE05F}.Debug|Any CPU.ActiveCfg = Debug|Any CPU
		{70AD698B-4786-4182-9443-830770AEE05F}.Debug|Any CPU.Build.0 = Debug|Any CPU
		{70AD698B-4786-4182-9443-830770AEE05F}.Release|Any CPU.ActiveCfg = Release|Any CPU
		{70AD698B-4786-4182-9443-830770AEE05F}.Release|Any CPU.Build.0 = Release|Any CPU
		{ABEDDBB6-39A2-48CB-BC21-E84BE105F5F0}.Debug|Any CPU.ActiveCfg = Debug|Any CPU
		{ABEDDBB6-39A2-48CB-BC21-E84BE105F5F0}.Debug|Any CPU.Build.0 = Debug|Any CPU
		{ABEDDBB6-39A2-48CB-BC21-E84BE105F5F0}.Release|Any CPU.ActiveCfg = Release|Any CPU
		{ABEDDBB6-39A2-48CB-BC21-E84BE105F5F0}.Release|Any CPU.Build.0 = Release|Any CPU
		{569A31D4-B6FE-42F4-B68B-AEE21F2D19A1}.Debug|Any CPU.ActiveCfg = Debug|Any CPU
		{569A31D4-B6FE-42F4-B68B-AEE21F2D19A1}.Debug|Any CPU.Build.0 = Debug|Any CPU
		{569A31D4-B6FE-42F4-B68B-AEE21F2D19A1}.Release|Any CPU.ActiveCfg = Release|Any CPU
		{569A31D4-B6FE-42F4-B68B-AEE21F2D19A1}.Release|Any CPU.Build.0 = Release|Any CPU
		{754E8735-81C8-469C-9906-7D82CDAA099D}.Debug|Any CPU.ActiveCfg = Debug|Any CPU
		{754E8735-81C8-469C-9906-7D82CDAA099D}.Debug|Any CPU.Build.0 = Debug|Any CPU
		{754E8735-81C8-469C-9906-7D82CDAA099D}.Release|Any CPU.ActiveCfg = Release|Any CPU
		{754E8735-81C8-469C-9906-7D82CDAA099D}.Release|Any CPU.Build.0 = Release|Any CPU
		{8F47D550-BC02-4E46-AE88-6D7FF44D9606}.Debug|Any CPU.ActiveCfg = Debug|Any CPU
		{8F47D550-BC02-4E46-AE88-6D7FF44D9606}.Debug|Any CPU.Build.0 = Debug|Any CPU
		{8F47D550-BC02-4E46-AE88-6D7FF44D9606}.Release|Any CPU.ActiveCfg = Release|Any CPU
		{8F47D550-BC02-4E46-AE88-6D7FF44D9606}.Release|Any CPU.Build.0 = Release|Any CPU
		{DE637015-3DFB-4AAF-9A51-F1A09CFDCF83}.Debug|Any CPU.ActiveCfg = Debug|Any CPU
		{DE637015-3DFB-4AAF-9A51-F1A09CFDCF83}.Debug|Any CPU.Build.0 = Debug|Any CPU
		{DE637015-3DFB-4AAF-9A51-F1A09CFDCF83}.Release|Any CPU.ActiveCfg = Release|Any CPU
		{DE637015-3DFB-4AAF-9A51-F1A09CFDCF83}.Release|Any CPU.Build.0 = Release|Any CPU
		{E9F458AC-5554-423B-AB82-DA0549B83B4B}.Debug|Any CPU.ActiveCfg = Debug|Any CPU
		{E9F458AC-5554-423B-AB82-DA0549B83B4B}.Debug|Any CPU.Build.0 = Debug|Any CPU
		{E9F458AC-5554-423B-AB82-DA0549B83B4B}.Release|Any CPU.ActiveCfg = Release|Any CPU
		{E9F458AC-5554-423B-AB82-DA0549B83B4B}.Release|Any CPU.Build.0 = Release|Any CPU
		{66A8F2AA-8DBC-4920-ADD1-422AB520AD13}.Debug|Any CPU.ActiveCfg = Debug|Any CPU
		{66A8F2AA-8DBC-4920-ADD1-422AB520AD13}.Debug|Any CPU.Build.0 = Debug|Any CPU
		{66A8F2AA-8DBC-4920-ADD1-422AB520AD13}.Release|Any CPU.ActiveCfg = Release|Any CPU
		{66A8F2AA-8DBC-4920-ADD1-422AB520AD13}.Release|Any CPU.Build.0 = Release|Any CPU
		{9BAA3B24-6DEF-4A77-8570-BA475AE685AE}.Debug|Any CPU.ActiveCfg = Debug|Any CPU
		{9BAA3B24-6DEF-4A77-8570-BA475AE685AE}.Debug|Any CPU.Build.0 = Debug|Any CPU
		{9BAA3B24-6DEF-4A77-8570-BA475AE685AE}.Release|Any CPU.ActiveCfg = Release|Any CPU
		{9BAA3B24-6DEF-4A77-8570-BA475AE685AE}.Release|Any CPU.Build.0 = Release|Any CPU
		{F879ED17-2500-49C2-8145-5FF1173CA642}.Debug|Any CPU.ActiveCfg = Debug|Any CPU
		{F879ED17-2500-49C2-8145-5FF1173CA642}.Debug|Any CPU.Build.0 = Debug|Any CPU
		{F879ED17-2500-49C2-8145-5FF1173CA642}.Release|Any CPU.ActiveCfg = Release|Any CPU
		{F879ED17-2500-49C2-8145-5FF1173CA642}.Release|Any CPU.Build.0 = Release|Any CPU
		{4C06C07B-551B-4D68-BF25-3ECEE1DC57C2}.Debug|Any CPU.ActiveCfg = Debug|Any CPU
		{4C06C07B-551B-4D68-BF25-3ECEE1DC57C2}.Debug|Any CPU.Build.0 = Debug|Any CPU
		{4C06C07B-551B-4D68-BF25-3ECEE1DC57C2}.Release|Any CPU.ActiveCfg = Release|Any CPU
		{4C06C07B-551B-4D68-BF25-3ECEE1DC57C2}.Release|Any CPU.Build.0 = Release|Any CPU
		{31B3CEA3-90AD-4929-A867-CDC618AB8EAC}.Debug|Any CPU.ActiveCfg = Debug|Any CPU
		{31B3CEA3-90AD-4929-A867-CDC618AB8EAC}.Debug|Any CPU.Build.0 = Debug|Any CPU
		{31B3CEA3-90AD-4929-A867-CDC618AB8EAC}.Release|Any CPU.ActiveCfg = Release|Any CPU
		{31B3CEA3-90AD-4929-A867-CDC618AB8EAC}.Release|Any CPU.Build.0 = Release|Any CPU
		{883369C4-84F7-45E5-BD50-B8745BD008EB}.Debug|Any CPU.ActiveCfg = Debug|Any CPU
		{883369C4-84F7-45E5-BD50-B8745BD008EB}.Debug|Any CPU.Build.0 = Debug|Any CPU
		{883369C4-84F7-45E5-BD50-B8745BD008EB}.Release|Any CPU.ActiveCfg = Release|Any CPU
		{883369C4-84F7-45E5-BD50-B8745BD008EB}.Release|Any CPU.Build.0 = Release|Any CPU
		{86158C7F-5FF6-464A-97C3-3BE58FE586CE}.Debug|Any CPU.ActiveCfg = Debug|Any CPU
		{86158C7F-5FF6-464A-97C3-3BE58FE586CE}.Debug|Any CPU.Build.0 = Debug|Any CPU
		{86158C7F-5FF6-464A-97C3-3BE58FE586CE}.Release|Any CPU.ActiveCfg = Release|Any CPU
		{86158C7F-5FF6-464A-97C3-3BE58FE586CE}.Release|Any CPU.Build.0 = Release|Any CPU
		{0A8DF1C0-45A3-438D-973B-725ECA19910C}.Debug|Any CPU.ActiveCfg = Debug|Any CPU
		{0A8DF1C0-45A3-438D-973B-725ECA19910C}.Debug|Any CPU.Build.0 = Debug|Any CPU
		{0A8DF1C0-45A3-438D-973B-725ECA19910C}.Release|Any CPU.ActiveCfg = Release|Any CPU
		{0A8DF1C0-45A3-438D-973B-725ECA19910C}.Release|Any CPU.Build.0 = Release|Any CPU
		{32B411D6-6812-4588-A9E0-E37415139403}.Debug|Any CPU.ActiveCfg = Debug|Any CPU
		{32B411D6-6812-4588-A9E0-E37415139403}.Debug|Any CPU.Build.0 = Debug|Any CPU
		{32B411D6-6812-4588-A9E0-E37415139403}.Release|Any CPU.ActiveCfg = Release|Any CPU
		{32B411D6-6812-4588-A9E0-E37415139403}.Release|Any CPU.Build.0 = Release|Any CPU
		{EAEB5D18-E532-44E5-9172-1C530015093D}.Debug|Any CPU.ActiveCfg = Debug|Any CPU
		{EAEB5D18-E532-44E5-9172-1C530015093D}.Debug|Any CPU.Build.0 = Debug|Any CPU
		{EAEB5D18-E532-44E5-9172-1C530015093D}.Release|Any CPU.ActiveCfg = Release|Any CPU
		{EAEB5D18-E532-44E5-9172-1C530015093D}.Release|Any CPU.Build.0 = Release|Any CPU
		{5CDE1521-9F94-4BB8-8432-4919AC2B0DA8}.Debug|Any CPU.ActiveCfg = Debug|Any CPU
		{5CDE1521-9F94-4BB8-8432-4919AC2B0DA8}.Debug|Any CPU.Build.0 = Debug|Any CPU
		{5CDE1521-9F94-4BB8-8432-4919AC2B0DA8}.Release|Any CPU.ActiveCfg = Release|Any CPU
		{5CDE1521-9F94-4BB8-8432-4919AC2B0DA8}.Release|Any CPU.Build.0 = Release|Any CPU
		{B0014CA7-22D3-4A3B-8D20-2EEC25D8BF75}.Debug|Any CPU.ActiveCfg = Debug|Any CPU
		{B0014CA7-22D3-4A3B-8D20-2EEC25D8BF75}.Debug|Any CPU.Build.0 = Debug|Any CPU
		{B0014CA7-22D3-4A3B-8D20-2EEC25D8BF75}.Release|Any CPU.ActiveCfg = Release|Any CPU
		{B0014CA7-22D3-4A3B-8D20-2EEC25D8BF75}.Release|Any CPU.Build.0 = Release|Any CPU
		{ACDEEE32-189B-4457-B8DB-825377C4B337}.Debug|Any CPU.ActiveCfg = Debug|Any CPU
		{ACDEEE32-189B-4457-B8DB-825377C4B337}.Debug|Any CPU.Build.0 = Debug|Any CPU
		{ACDEEE32-189B-4457-B8DB-825377C4B337}.Release|Any CPU.ActiveCfg = Release|Any CPU
		{ACDEEE32-189B-4457-B8DB-825377C4B337}.Release|Any CPU.Build.0 = Release|Any CPU
		{CC7F7870-2732-4A51-8301-8F5D771229E5}.Debug|Any CPU.ActiveCfg = Debug|Any CPU
		{CC7F7870-2732-4A51-8301-8F5D771229E5}.Debug|Any CPU.Build.0 = Debug|Any CPU
		{CC7F7870-2732-4A51-8301-8F5D771229E5}.Release|Any CPU.ActiveCfg = Release|Any CPU
		{CC7F7870-2732-4A51-8301-8F5D771229E5}.Release|Any CPU.Build.0 = Release|Any CPU
		{9050802A-6A9D-4783-816C-A8CCD700923F}.Debug|Any CPU.ActiveCfg = Debug|Any CPU
		{9050802A-6A9D-4783-816C-A8CCD700923F}.Debug|Any CPU.Build.0 = Debug|Any CPU
		{9050802A-6A9D-4783-816C-A8CCD700923F}.Release|Any CPU.ActiveCfg = Release|Any CPU
		{9050802A-6A9D-4783-816C-A8CCD700923F}.Release|Any CPU.Build.0 = Release|Any CPU
		{84932E6A-7916-406C-9ECD-B271A87240DF}.Debug|Any CPU.ActiveCfg = Debug|Any CPU
		{84932E6A-7916-406C-9ECD-B271A87240DF}.Debug|Any CPU.Build.0 = Debug|Any CPU
		{84932E6A-7916-406C-9ECD-B271A87240DF}.Release|Any CPU.ActiveCfg = Release|Any CPU
		{84932E6A-7916-406C-9ECD-B271A87240DF}.Release|Any CPU.Build.0 = Release|Any CPU
		{BFD9447A-2DE7-4349-B5F5-C5066A69C620}.Debug|Any CPU.ActiveCfg = Debug|Any CPU
		{BFD9447A-2DE7-4349-B5F5-C5066A69C620}.Debug|Any CPU.Build.0 = Debug|Any CPU
		{BFD9447A-2DE7-4349-B5F5-C5066A69C620}.Release|Any CPU.ActiveCfg = Release|Any CPU
		{BFD9447A-2DE7-4349-B5F5-C5066A69C620}.Release|Any CPU.Build.0 = Release|Any CPU
		{943902D2-F37F-4C69-A82C-07F89B050E27}.Debug|Any CPU.ActiveCfg = Debug|Any CPU
		{943902D2-F37F-4C69-A82C-07F89B050E27}.Debug|Any CPU.Build.0 = Debug|Any CPU
		{943902D2-F37F-4C69-A82C-07F89B050E27}.Release|Any CPU.ActiveCfg = Release|Any CPU
		{943902D2-F37F-4C69-A82C-07F89B050E27}.Release|Any CPU.Build.0 = Release|Any CPU
		{BDD46D15-8343-4644-9620-858CAF8FD090}.Debug|Any CPU.ActiveCfg = Debug|Any CPU
		{BDD46D15-8343-4644-9620-858CAF8FD090}.Debug|Any CPU.Build.0 = Debug|Any CPU
		{BDD46D15-8343-4644-9620-858CAF8FD090}.Release|Any CPU.ActiveCfg = Release|Any CPU
		{BDD46D15-8343-4644-9620-858CAF8FD090}.Release|Any CPU.Build.0 = Release|Any CPU
		{E6308BB9-C99D-4F79-9DB3-7173FB63424B}.Debug|Any CPU.ActiveCfg = Debug|Any CPU
		{E6308BB9-C99D-4F79-9DB3-7173FB63424B}.Debug|Any CPU.Build.0 = Debug|Any CPU
		{E6308BB9-C99D-4F79-9DB3-7173FB63424B}.Release|Any CPU.ActiveCfg = Release|Any CPU
		{E6308BB9-C99D-4F79-9DB3-7173FB63424B}.Release|Any CPU.Build.0 = Release|Any CPU
		{52269E85-5F50-4C4D-A4B6-82C530A6044B}.Debug|Any CPU.ActiveCfg = Debug|Any CPU
		{52269E85-5F50-4C4D-A4B6-82C530A6044B}.Debug|Any CPU.Build.0 = Debug|Any CPU
		{52269E85-5F50-4C4D-A4B6-82C530A6044B}.Release|Any CPU.ActiveCfg = Release|Any CPU
		{52269E85-5F50-4C4D-A4B6-82C530A6044B}.Release|Any CPU.Build.0 = Release|Any CPU
		{59586BB1-675A-49DE-9BCB-F61B380BFCE8}.Debug|Any CPU.ActiveCfg = Debug|Any CPU
		{59586BB1-675A-49DE-9BCB-F61B380BFCE8}.Debug|Any CPU.Build.0 = Debug|Any CPU
		{59586BB1-675A-49DE-9BCB-F61B380BFCE8}.Release|Any CPU.ActiveCfg = Release|Any CPU
		{59586BB1-675A-49DE-9BCB-F61B380BFCE8}.Release|Any CPU.Build.0 = Release|Any CPU
		{DEE51763-F216-428A-A3C1-962226D8D815}.Debug|Any CPU.ActiveCfg = Debug|Any CPU
		{DEE51763-F216-428A-A3C1-962226D8D815}.Debug|Any CPU.Build.0 = Debug|Any CPU
		{DEE51763-F216-428A-A3C1-962226D8D815}.Release|Any CPU.ActiveCfg = Release|Any CPU
		{DEE51763-F216-428A-A3C1-962226D8D815}.Release|Any CPU.Build.0 = Release|Any CPU
		{9706958E-04C9-4F8C-9666-01E276BDA911}.Debug|Any CPU.ActiveCfg = Debug|Any CPU
		{9706958E-04C9-4F8C-9666-01E276BDA911}.Debug|Any CPU.Build.0 = Debug|Any CPU
		{9706958E-04C9-4F8C-9666-01E276BDA911}.Release|Any CPU.ActiveCfg = Release|Any CPU
		{9706958E-04C9-4F8C-9666-01E276BDA911}.Release|Any CPU.Build.0 = Release|Any CPU
		{8517F71A-4D8F-4774-9DD6-DCA5613D0705}.Debug|Any CPU.ActiveCfg = Debug|Any CPU
		{8517F71A-4D8F-4774-9DD6-DCA5613D0705}.Debug|Any CPU.Build.0 = Debug|Any CPU
		{8517F71A-4D8F-4774-9DD6-DCA5613D0705}.Release|Any CPU.ActiveCfg = Release|Any CPU
		{8517F71A-4D8F-4774-9DD6-DCA5613D0705}.Release|Any CPU.Build.0 = Release|Any CPU
		{57D85A94-D76F-42E2-8365-B0DEB64E46F2}.Debug|Any CPU.ActiveCfg = Debug|Any CPU
		{57D85A94-D76F-42E2-8365-B0DEB64E46F2}.Debug|Any CPU.Build.0 = Debug|Any CPU
		{57D85A94-D76F-42E2-8365-B0DEB64E46F2}.Release|Any CPU.ActiveCfg = Release|Any CPU
		{57D85A94-D76F-42E2-8365-B0DEB64E46F2}.Release|Any CPU.Build.0 = Release|Any CPU
		{65C31656-4A11-4B16-BD82-2F1E84FBD9AD}.Debug|Any CPU.ActiveCfg = Debug|Any CPU
		{65C31656-4A11-4B16-BD82-2F1E84FBD9AD}.Debug|Any CPU.Build.0 = Debug|Any CPU
		{65C31656-4A11-4B16-BD82-2F1E84FBD9AD}.Release|Any CPU.ActiveCfg = Release|Any CPU
		{65C31656-4A11-4B16-BD82-2F1E84FBD9AD}.Release|Any CPU.Build.0 = Release|Any CPU
		{F1C12631-A73E-4CFB-96ED-2F52A4F85F29}.Debug|Any CPU.ActiveCfg = Debug|Any CPU
		{F1C12631-A73E-4CFB-96ED-2F52A4F85F29}.Debug|Any CPU.Build.0 = Debug|Any CPU
		{F1C12631-A73E-4CFB-96ED-2F52A4F85F29}.Release|Any CPU.ActiveCfg = Release|Any CPU
		{F1C12631-A73E-4CFB-96ED-2F52A4F85F29}.Release|Any CPU.Build.0 = Release|Any CPU
		{BF5515BC-6954-4131-B3A9-B6E22DD44F53}.Debug|Any CPU.ActiveCfg = Debug|Any CPU
		{BF5515BC-6954-4131-B3A9-B6E22DD44F53}.Debug|Any CPU.Build.0 = Debug|Any CPU
		{BF5515BC-6954-4131-B3A9-B6E22DD44F53}.Release|Any CPU.ActiveCfg = Release|Any CPU
		{BF5515BC-6954-4131-B3A9-B6E22DD44F53}.Release|Any CPU.Build.0 = Release|Any CPU
		{6E072DF9-96D5-488A-8E88-B870E68F6104}.Debug|Any CPU.ActiveCfg = Debug|Any CPU
		{6E072DF9-96D5-488A-8E88-B870E68F6104}.Debug|Any CPU.Build.0 = Debug|Any CPU
		{6E072DF9-96D5-488A-8E88-B870E68F6104}.Release|Any CPU.ActiveCfg = Release|Any CPU
		{6E072DF9-96D5-488A-8E88-B870E68F6104}.Release|Any CPU.Build.0 = Release|Any CPU
		{5E33463E-6AF9-4D3F-88CD-13EB2D2851DE}.Debug|Any CPU.ActiveCfg = Debug|Any CPU
		{5E33463E-6AF9-4D3F-88CD-13EB2D2851DE}.Debug|Any CPU.Build.0 = Debug|Any CPU
		{5E33463E-6AF9-4D3F-88CD-13EB2D2851DE}.Release|Any CPU.ActiveCfg = Release|Any CPU
		{5E33463E-6AF9-4D3F-88CD-13EB2D2851DE}.Release|Any CPU.Build.0 = Release|Any CPU
		{44456DE4-1B6D-44CE-A8F3-07DC98D79B74}.Debug|Any CPU.ActiveCfg = Debug|Any CPU
		{44456DE4-1B6D-44CE-A8F3-07DC98D79B74}.Debug|Any CPU.Build.0 = Debug|Any CPU
		{44456DE4-1B6D-44CE-A8F3-07DC98D79B74}.Release|Any CPU.ActiveCfg = Release|Any CPU
		{44456DE4-1B6D-44CE-A8F3-07DC98D79B74}.Release|Any CPU.Build.0 = Release|Any CPU
		{AED841CE-67D5-4B45-84DF-B415CDE75D82}.Debug|Any CPU.ActiveCfg = Debug|Any CPU
		{AED841CE-67D5-4B45-84DF-B415CDE75D82}.Debug|Any CPU.Build.0 = Debug|Any CPU
		{AED841CE-67D5-4B45-84DF-B415CDE75D82}.Release|Any CPU.ActiveCfg = Release|Any CPU
		{AED841CE-67D5-4B45-84DF-B415CDE75D82}.Release|Any CPU.Build.0 = Release|Any CPU
		{F98964BF-EF05-4C7D-94B5-EC7ED5414479}.Debug|Any CPU.ActiveCfg = Debug|Any CPU
		{F98964BF-EF05-4C7D-94B5-EC7ED5414479}.Debug|Any CPU.Build.0 = Debug|Any CPU
		{F98964BF-EF05-4C7D-94B5-EC7ED5414479}.Release|Any CPU.ActiveCfg = Release|Any CPU
		{F98964BF-EF05-4C7D-94B5-EC7ED5414479}.Release|Any CPU.Build.0 = Release|Any CPU
	EndGlobalSection
	GlobalSection(SolutionProperties) = preSolution
		HideSolutionNode = FALSE
	EndGlobalSection
	GlobalSection(NestedProjects) = preSolution
		{03ECFEFC-55E0-45E5-8ABF-0CEBED31A081} = {DDEC7265-17F5-482A-A093-5B924B93BD42}
		{8DFF2174-F78C-4080-A8D5-991645A13DF2} = {DDEC7265-17F5-482A-A093-5B924B93BD42}
		{3DEB84EC-CBAE-4B83-8FB2-AD47F5C620E8} = {DDEC7265-17F5-482A-A093-5B924B93BD42}
		{032AB98C-C3EA-47A0-A166-6DF1BCDA7AC7} = {DDEC7265-17F5-482A-A093-5B924B93BD42}
		{B5F1B248-F786-4903-97B5-1C3F3ACC6CE4} = {DDEC7265-17F5-482A-A093-5B924B93BD42}
		{7B7F57BF-7AE3-4C70-AD25-C80DCF2F0EA9} = {DDEC7265-17F5-482A-A093-5B924B93BD42}
		{66A3C52B-2408-4008-A34F-0E8BCDEB982C} = {DDEC7265-17F5-482A-A093-5B924B93BD42}
		{119BBD50-7408-4DE2-B8E5-36028E171720} = {DDEC7265-17F5-482A-A093-5B924B93BD42}
		{29130A09-0B08-4978-B036-9097452B2773} = {DDEC7265-17F5-482A-A093-5B924B93BD42}
		{F3698702-D1B3-402C-854B-F56B8D18EBF0} = {DDEC7265-17F5-482A-A093-5B924B93BD42}
		{51DFBFEE-A4E9-4C98-B786-1302A06CA56F} = {DDEC7265-17F5-482A-A093-5B924B93BD42}
		{B42FB8F3-88B0-4F6A-885E-E9F829E6B65A} = {DDEC7265-17F5-482A-A093-5B924B93BD42}
		{F1DEF38C-2B1C-4F4F-96E5-30C015B505B4} = {DDEC7265-17F5-482A-A093-5B924B93BD42}
		{E8666E2C-03A1-444B-88BB-A70B0F06D8D0} = {DDEC7265-17F5-482A-A093-5B924B93BD42}
		{02AA1726-3711-4637-AEEB-99303D33B977} = {DDEC7265-17F5-482A-A093-5B924B93BD42}
		{5EC98804-A13F-430A-8F58-A350BC3E6F59} = {BBC9FFE3-367E-4DF1-8820-FAC65F7B5C1D}
		{30DC1DEF-03C1-4329-8E9E-36E6669C2AF2} = {BBC9FFE3-367E-4DF1-8820-FAC65F7B5C1D}
		{B2E33926-E0E4-4005-A7C4-A1102CA24D8D} = {BBC9FFE3-367E-4DF1-8820-FAC65F7B5C1D}
		{C5A3FBFB-BECA-42DA-80B3-01652335E255} = {BBC9FFE3-367E-4DF1-8820-FAC65F7B5C1D}
		{1AB3704C-118F-4D7F-ABC4-C180C4DDA534} = {BBC9FFE3-367E-4DF1-8820-FAC65F7B5C1D}
		{F2912FFF-3EA7-4922-A9D9-E28C35DD3DFC} = {BBC9FFE3-367E-4DF1-8820-FAC65F7B5C1D}
		{AC2B22B8-BF69-43BB-A85F-85CAA1CCA4DD} = {BBC9FFE3-367E-4DF1-8820-FAC65F7B5C1D}
		{E218D5A7-7F99-4D85-AD9A-AC4BB546C3B8} = {BBC9FFE3-367E-4DF1-8820-FAC65F7B5C1D}
		{5C1F238D-6321-4492-9D7C-14E8459EB97A} = {BBC9FFE3-367E-4DF1-8820-FAC65F7B5C1D}
		{593A865B-9B9B-4269-A7CB-91AAD45CE77F} = {BBC9FFE3-367E-4DF1-8820-FAC65F7B5C1D}
		{CE2DB2BB-45AC-4E15-BDC2-D7894FE8880E} = {BBC9FFE3-367E-4DF1-8820-FAC65F7B5C1D}
		{70AD698B-4786-4182-9443-830770AEE05F} = {BBC9FFE3-367E-4DF1-8820-FAC65F7B5C1D}
		{ABEDDBB6-39A2-48CB-BC21-E84BE105F5F0} = {BBC9FFE3-367E-4DF1-8820-FAC65F7B5C1D}
		{569A31D4-B6FE-42F4-B68B-AEE21F2D19A1} = {BBC9FFE3-367E-4DF1-8820-FAC65F7B5C1D}
		{754E8735-81C8-469C-9906-7D82CDAA099D} = {BBC9FFE3-367E-4DF1-8820-FAC65F7B5C1D}
		{8F47D550-BC02-4E46-AE88-6D7FF44D9606} = {24CC1163-74CA-4A84-913B-F9E7CC96B468}
		{DE637015-3DFB-4AAF-9A51-F1A09CFDCF83} = {24CC1163-74CA-4A84-913B-F9E7CC96B468}
		{E9F458AC-5554-423B-AB82-DA0549B83B4B} = {24CC1163-74CA-4A84-913B-F9E7CC96B468}
		{66A8F2AA-8DBC-4920-ADD1-422AB520AD13} = {24CC1163-74CA-4A84-913B-F9E7CC96B468}
		{9BAA3B24-6DEF-4A77-8570-BA475AE685AE} = {24CC1163-74CA-4A84-913B-F9E7CC96B468}
		{F879ED17-2500-49C2-8145-5FF1173CA642} = {24CC1163-74CA-4A84-913B-F9E7CC96B468}
		{4C06C07B-551B-4D68-BF25-3ECEE1DC57C2} = {24CC1163-74CA-4A84-913B-F9E7CC96B468}
		{31B3CEA3-90AD-4929-A867-CDC618AB8EAC} = {24CC1163-74CA-4A84-913B-F9E7CC96B468}
		{883369C4-84F7-45E5-BD50-B8745BD008EB} = {24CC1163-74CA-4A84-913B-F9E7CC96B468}
		{86158C7F-5FF6-464A-97C3-3BE58FE586CE} = {24CC1163-74CA-4A84-913B-F9E7CC96B468}
		{0A8DF1C0-45A3-438D-973B-725ECA19910C} = {24CC1163-74CA-4A84-913B-F9E7CC96B468}
		{32B411D6-6812-4588-A9E0-E37415139403} = {24CC1163-74CA-4A84-913B-F9E7CC96B468}
		{EAEB5D18-E532-44E5-9172-1C530015093D} = {24CC1163-74CA-4A84-913B-F9E7CC96B468}
		{5CDE1521-9F94-4BB8-8432-4919AC2B0DA8} = {24CC1163-74CA-4A84-913B-F9E7CC96B468}
		{B0014CA7-22D3-4A3B-8D20-2EEC25D8BF75} = {6712FB99-EB57-4B69-87EF-8930B7951CAF}
		{ACDEEE32-189B-4457-B8DB-825377C4B337} = {6712FB99-EB57-4B69-87EF-8930B7951CAF}
		{CC7F7870-2732-4A51-8301-8F5D771229E5} = {6712FB99-EB57-4B69-87EF-8930B7951CAF}
		{9050802A-6A9D-4783-816C-A8CCD700923F} = {6712FB99-EB57-4B69-87EF-8930B7951CAF}
		{84932E6A-7916-406C-9ECD-B271A87240DF} = {6712FB99-EB57-4B69-87EF-8930B7951CAF}
		{BFD9447A-2DE7-4349-B5F5-C5066A69C620} = {24CC1163-74CA-4A84-913B-F9E7CC96B468}
		{943902D2-F37F-4C69-A82C-07F89B050E27} = {24CC1163-74CA-4A84-913B-F9E7CC96B468}
		{BDD46D15-8343-4644-9620-858CAF8FD090} = {E5BB565D-25BB-478F-8474-51A17E7D01D0}
		{E6308BB9-C99D-4F79-9DB3-7173FB63424B} = {E5BB565D-25BB-478F-8474-51A17E7D01D0}
		{52269E85-5F50-4C4D-A4B6-82C530A6044B} = {E5BB565D-25BB-478F-8474-51A17E7D01D0}
		{59586BB1-675A-49DE-9BCB-F61B380BFCE8} = {C0A41B62-DE45-490A-9D38-9900FC71E6E3}
		{DEE51763-F216-428A-A3C1-962226D8D815} = {C0A41B62-DE45-490A-9D38-9900FC71E6E3}
		{9706958E-04C9-4F8C-9666-01E276BDA911} = {A535538F-0E7B-4E5A-B95A-CF1919534055}
		{8517F71A-4D8F-4774-9DD6-DCA5613D0705} = {A535538F-0E7B-4E5A-B95A-CF1919534055}
		{57D85A94-D76F-42E2-8365-B0DEB64E46F2} = {DDEC7265-17F5-482A-A093-5B924B93BD42}
		{65C31656-4A11-4B16-BD82-2F1E84FBD9AD} = {6221CC7F-4279-4F5F-92D2-4F8F910E82A2}
		{F1C12631-A73E-4CFB-96ED-2F52A4F85F29} = {6221CC7F-4279-4F5F-92D2-4F8F910E82A2}
		{BF5515BC-6954-4131-B3A9-B6E22DD44F53} = {0974B045-3120-4A82-B5F3-BDA7BF50C7D5}
		{6E072DF9-96D5-488A-8E88-B870E68F6104} = {0974B045-3120-4A82-B5F3-BDA7BF50C7D5}
		{5E33463E-6AF9-4D3F-88CD-13EB2D2851DE} = {0974B045-3120-4A82-B5F3-BDA7BF50C7D5}
		{44456DE4-1B6D-44CE-A8F3-07DC98D79B74} = {0974B045-3120-4A82-B5F3-BDA7BF50C7D5}
		{AED841CE-67D5-4B45-84DF-B415CDE75D82} = {0974B045-3120-4A82-B5F3-BDA7BF50C7D5}
		{F98964BF-EF05-4C7D-94B5-EC7ED5414479} = {0974B045-3120-4A82-B5F3-BDA7BF50C7D5}
	EndGlobalSection
	GlobalSection(ExtensibilityGlobals) = postSolution
		SolutionGuid = {D6BFA772-E528-4307-853A-96659A7DB7E1}
	EndGlobalSection
EndGlobal
